
Microsoft Visual Studio Solution File, Format Version 12.00
# Visual Studio Version 17
VisualStudioVersion = 17.2.32616.157
MinimumVisualStudioVersion = 10.0.40219.1
Project("{FAE04EC0-301F-11D3-BF4B-00C04F79EFBC}") = "AplicatiePractica.Android", "AplicatiePractica\AplicatiePractica.Android\AplicatiePractica.Android.csproj", "{E0E0361A-EBB1-4BC7-AA99-1819B900247A}"
	ProjectSection(ProjectDependencies) = postProject
		{68870C22-944E-4049-929D-D680BDB09EDE} = {68870C22-944E-4049-929D-D680BDB09EDE}
	EndProjectSection
EndProject
Project("{9A19103F-16F7-4668-BE54-9A1E7A4F7556}") = "AplicatiePractica", "AplicatiePractica\AplicatiePractica\AplicatiePractica.csproj", "{D61DA247-D98D-4A63-A020-E44A5159F38D}"
EndProject
Project("{FAE04EC0-301F-11D3-BF4B-00C04F79EFBC}") = "AplicatiePractica.DB", "AplicatiePractica.DB\AplicatiePractica.DB.csproj", "{68870C22-944E-4049-929D-D680BDB09EDE}"
EndProject
Global
	GlobalSection(SolutionConfigurationPlatforms) = preSolution
		Debug|Any CPU = Debug|Any CPU
		Release|Any CPU = Release|Any CPU
	EndGlobalSection
	GlobalSection(ProjectConfigurationPlatforms) = postSolution
		{E0E0361A-EBB1-4BC7-AA99-1819B900247A}.Debug|Any CPU.ActiveCfg = Debug|Any CPU
		{E0E0361A-EBB1-4BC7-AA99-1819B900247A}.Debug|Any CPU.Build.0 = Debug|Any CPU
		{E0E0361A-EBB1-4BC7-AA99-1819B900247A}.Debug|Any CPU.Deploy.0 = Debug|Any CPU
		{E0E0361A-EBB1-4BC7-AA99-1819B900247A}.Release|Any CPU.ActiveCfg = Release|Any CPU
		{E0E0361A-EBB1-4BC7-AA99-1819B900247A}.Release|Any CPU.Build.0 = Release|Any CPU
		{E0E0361A-EBB1-4BC7-AA99-1819B900247A}.Release|Any CPU.Deploy.0 = Release|Any CPU
		{D61DA247-D98D-4A63-A020-E44A5159F38D}.Debug|Any CPU.ActiveCfg = Debug|Any CPU
		{D61DA247-D98D-4A63-A020-E44A5159F38D}.Debug|Any CPU.Build.0 = Debug|Any CPU
		{D61DA247-D98D-4A63-A020-E44A5159F38D}.Debug|Any CPU.Deploy.0 = Debug|Any CPU
		{D61DA247-D98D-4A63-A020-E44A5159F38D}.Release|Any CPU.ActiveCfg = Release|Any CPU
		{D61DA247-D98D-4A63-A020-E44A5159F38D}.Release|Any CPU.Build.0 = Release|Any CPU
		{D61DA247-D98D-4A63-A020-E44A5159F38D}.Release|Any CPU.Deploy.0 = Release|Any CPU
		{68870C22-944E-4049-929D-D680BDB09EDE}.Debug|Any CPU.ActiveCfg = Debug|Any CPU
		{68870C22-944E-4049-929D-D680BDB09EDE}.Debug|Any CPU.Build.0 = Debug|Any CPU
		{68870C22-944E-4049-929D-D680BDB09EDE}.Release|Any CPU.ActiveCfg = Release|Any CPU
		{68870C22-944E-4049-929D-D680BDB09EDE}.Release|Any CPU.Build.0 = Release|Any CPU
	EndGlobalSection
	GlobalSection(SolutionProperties) = preSolution
		HideSolutionNode = FALSE
	EndGlobalSection
	GlobalSection(ExtensibilityGlobals) = postSolution
		SolutionGuid = {CB9D5DA1-01F8-480F-A3B1-94001EBA8245}
	EndGlobalSection
EndGlobal
